
Microsoft Visual Studio Solution File, Format Version 10.00
# Visual Studio 2008
Project("{FAE04EC0-301F-11D3-BF4B-00C04F79EFBC}") = "Binboo", "Binboo.csproj", "{E154BA05-1592-44A6-9135-6A47C94DD5F8}"
EndProject
Project("{FAE04EC0-301F-11D3-BF4B-00C04F79EFBC}") = "Binboo.Tests", "..\Vagabot.Tests\Binboo.Tests.csproj", "{F5CFB483-15C3-4F2A-AD75-4CAA109FBBE3}"
EndProject
Project("{FAE04EC0-301F-11D3-BF4B-00C04F79EFBC}") = "TCL.Net", "..\TCL.Net\TCL.Net.csproj", "{E468BBD6-A194-455F-A157-E22CF2726B1C}"
EndProject
Project("{FAE04EC0-301F-11D3-BF4B-00C04F79EFBC}") = "TCL.Net.Tests", "..\TCL.Net\TCL.Net.Tests\TCL.Net.Tests.csproj", "{2F44BA8F-11BE-40AB-A913-7489952D3294}"
EndProject
Global
	GlobalSection(SolutionConfigurationPlatforms) = preSolution
		Debug|Any CPU = Debug|Any CPU
		Release|Any CPU = Release|Any CPU
	EndGlobalSection
	GlobalSection(ProjectConfigurationPlatforms) = postSolution
		{E154BA05-1592-44A6-9135-6A47C94DD5F8}.Debug|Any CPU.ActiveCfg = Debug|Any CPU
		{E154BA05-1592-44A6-9135-6A47C94DD5F8}.Debug|Any CPU.Build.0 = Debug|Any CPU
		{E154BA05-1592-44A6-9135-6A47C94DD5F8}.Release|Any CPU.ActiveCfg = Release|Any CPU
		{E154BA05-1592-44A6-9135-6A47C94DD5F8}.Release|Any CPU.Build.0 = Release|Any CPU
		{F5CFB483-15C3-4F2A-AD75-4CAA109FBBE3}.Debug|Any CPU.ActiveCfg = Debug|Any CPU
		{F5CFB483-15C3-4F2A-AD75-4CAA109FBBE3}.Debug|Any CPU.Build.0 = Debug|Any CPU
		{F5CFB483-15C3-4F2A-AD75-4CAA109FBBE3}.Release|Any CPU.ActiveCfg = Release|Any CPU
		{F5CFB483-15C3-4F2A-AD75-4CAA109FBBE3}.Release|Any CPU.Build.0 = Release|Any CPU
		{E468BBD6-A194-455F-A157-E22CF2726B1C}.Debug|Any CPU.ActiveCfg = Debug|Any CPU
		{E468BBD6-A194-455F-A157-E22CF2726B1C}.Debug|Any CPU.Build.0 = Debug|Any CPU
		{E468BBD6-A194-455F-A157-E22CF2726B1C}.Release|Any CPU.ActiveCfg = Release|Any CPU
		{E468BBD6-A194-455F-A157-E22CF2726B1C}.Release|Any CPU.Build.0 = Release|Any CPU
		{2F44BA8F-11BE-40AB-A913-7489952D3294}.Debug|Any CPU.ActiveCfg = Debug|Any CPU
		{2F44BA8F-11BE-40AB-A913-7489952D3294}.Debug|Any CPU.Build.0 = Debug|Any CPU
		{2F44BA8F-11BE-40AB-A913-7489952D3294}.Release|Any CPU.ActiveCfg = Release|Any CPU
		{2F44BA8F-11BE-40AB-A913-7489952D3294}.Release|Any CPU.Build.0 = Release|Any CPU
	EndGlobalSection
	GlobalSection(SolutionProperties) = preSolution
		HideSolutionNode = FALSE
	EndGlobalSection
EndGlobal
